{
  "originHash" : "7627cda73c74cfdbc5ae35752caa88411cb553465ee78bb72932175a575c6c2e",
  "pins" : [
    {
      "identity" : "colorthiefswift",
      "kind" : "remoteSourceControl",
      "location" : "https://github.com/yamoridon/ColorThiefSwift",
      "state" : {
        "revision" : "ac04a95acca965f8030a01293c31621b2a812c39",
        "version" : "0.5.0"
      }
    },
    {
      "identity" : "dialogue",
      "kind" : "remoteSourceControl",
      "location" : "https://github.com/keublitz/Dialogue",
      "state" : {
        "branch" : "main",
        "revision" : "a5d491e490e85278dd8216d234283232549d3ce3"
      }
    }
  ],
  "version" : 3
}
